// !$*UTF8*$!
{
	archiveVersion = 1;
	classes = {
	};
	objectVersion = 50;
	objects = {

/* Begin PBXBuildFile section */
		1D1B5AAB25C2EB59DE934F5F /* Pods_GymKhana.framework in Frameworks */ = {isa = PBXBuildFile; fileRef = 4B7569A5F4D78B124BE88A85 /* Pods_GymKhana.framework */; };
		4BDFA73B2267F44E008130B8 /* CustomerMarkerView.swift in Sources */ = {isa = PBXBuildFile; fileRef = 4BDFA73A2267F44E008130B8 /* CustomerMarkerView.swift */; };
		7BAF35EE224EEE57001FB592 /* AppDelegate.swift in Sources */ = {isa = PBXBuildFile; fileRef = 7BAF35ED224EEE57001FB592 /* AppDelegate.swift */; };
		7BAF35F0224EEE57001FB592 /* ViewController.swift in Sources */ = {isa = PBXBuildFile; fileRef = 7BAF35EF224EEE57001FB592 /* ViewController.swift */; };
		7BAF35F3224EEE57001FB592 /* Main.storyboard in Resources */ = {isa = PBXBuildFile; fileRef = 7BAF35F1224EEE57001FB592 /* Main.storyboard */; };
		7BAF35F5224EEE59001FB592 /* Assets.xcassets in Resources */ = {isa = PBXBuildFile; fileRef = 7BAF35F4224EEE59001FB592 /* Assets.xcassets */; };
		7BAF35F8224EEE59001FB592 /* LaunchScreen.storyboard in Resources */ = {isa = PBXBuildFile; fileRef = 7BAF35F6224EEE59001FB592 /* LaunchScreen.storyboard */; };
/* End PBXBuildFile section */

/* Begin PBXFileReference section */
		409B503349645EEA5460F786 /* Pods-GymKhana.release.xcconfig */ = {isa = PBXFileReference; includeInIndex = 1; lastKnownFileType = text.xcconfig; name = "Pods-GymKhana.release.xcconfig"; path = "Pods/Target Support Files/Pods-GymKhana/Pods-GymKhana.release.xcconfig"; sourceTree = "<group>"; };
		4B7569A5F4D78B124BE88A85 /* Pods_GymKhana.framework */ = {isa = PBXFileReference; explicitFileType = wrapper.framework; includeInIndex = 0; path = Pods_GymKhana.framework; sourceTree = BUILT_PRODUCTS_DIR; };
		4BDFA73A2267F44E008130B8 /* CustomerMarkerView.swift */ = {isa = PBXFileReference; lastKnownFileType = sourcecode.swift; path = CustomerMarkerView.swift; sourceTree = "<group>"; };
		669F9A77BA58EE9F35372FF9 /* Pods-GymKhana.debug.xcconfig */ = {isa = PBXFileReference; includeInIndex = 1; lastKnownFileType = text.xcconfig; name = "Pods-GymKhana.debug.xcconfig"; path = "Pods/Target Support Files/Pods-GymKhana/Pods-GymKhana.debug.xcconfig"; sourceTree = "<group>"; };
		7BAF35EA224EEE57001FB592 /* GymKhana.app */ = {isa = PBXFileReference; explicitFileType = wrapper.application; includeInIndex = 0; path = GymKhana.app; sourceTree = BUILT_PRODUCTS_DIR; };
		7BAF35ED224EEE57001FB592 /* AppDelegate.swift */ = {isa = PBXFileReference; lastKnownFileType = sourcecode.swift; path = AppDelegate.swift; sourceTree = "<group>"; };
		7BAF35EF224EEE57001FB592 /* ViewController.swift */ = {isa = PBXFileReference; lastKnownFileType = sourcecode.swift; path = ViewController.swift; sourceTree = "<group>"; };
		7BAF35F2224EEE57001FB592 /* Base */ = {isa = PBXFileReference; lastKnownFileType = file.storyboard; name = Base; path = Base.lproj/Main.storyboard; sourceTree = "<group>"; };
		7BAF35F4224EEE59001FB592 /* Assets.xcassets */ = {isa = PBXFileReference; lastKnownFileType = folder.assetcatalog; path = Assets.xcassets; sourceTree = "<group>"; };
		7BAF35F7224EEE59001FB592 /* Base */ = {isa = PBXFileReference; lastKnownFileType = file.storyboard; name = Base; path = Base.lproj/LaunchScreen.storyboard; sourceTree = "<group>"; };
		7BAF35F9224EEE59001FB592 /* Info.plist */ = {isa = PBXFileReference; lastKnownFileType = text.plist.xml; path = Info.plist; sourceTree = "<group>"; };
/* End PBXFileReference section */

/* Begin PBXFrameworksBuildPhase section */
		7BAF35E7224EEE57001FB592 /* Frameworks */ = {
			isa = PBXFrameworksBuildPhase;
			buildActionMask = 2147483647;
			files = (
				1D1B5AAB25C2EB59DE934F5F /* Pods_GymKhana.framework in Frameworks */,
			);
			runOnlyForDeploymentPostprocessing = 0;
		};
/* End PBXFrameworksBuildPhase section */

/* Begin PBXGroup section */
		1AF548792543AF7B3B72F1AD /* Frameworks */ = {
			isa = PBXGroup;
			children = (
				4B7569A5F4D78B124BE88A85 /* Pods_GymKhana.framework */,
			);
			name = Frameworks;
			sourceTree = "<group>";
		};
		43FB909045CD12D6074D9FC5 /* Pods */ = {
			isa = PBXGroup;
			children = (
				669F9A77BA58EE9F35372FF9 /* Pods-GymKhana.debug.xcconfig */,
				409B503349645EEA5460F786 /* Pods-GymKhana.release.xcconfig */,
			);
			name = Pods;
			sourceTree = "<group>";
		};
		7BAF35E1224EEE57001FB592 = {
			isa = PBXGroup;
			children = (
				7BAF35EC224EEE57001FB592 /* GymKhana */,
				7BAF35EB224EEE57001FB592 /* Products */,
				43FB909045CD12D6074D9FC5 /* Pods */,
				1AF548792543AF7B3B72F1AD /* Frameworks */,
			);
			sourceTree = "<group>";
		};
		7BAF35EB224EEE57001FB592 /* Products */ = {
			isa = PBXGroup;
			children = (
				7BAF35EA224EEE57001FB592 /* GymKhana.app */,
			);
			name = Products;
			sourceTree = "<group>";
		};
		7BAF35EC224EEE57001FB592 /* GymKhana */ = {
			isa = PBXGroup;
			children = (
				7BAF35ED224EEE57001FB592 /* AppDelegate.swift */,
				4BDFA73A2267F44E008130B8 /* CustomerMarkerView.swift */,
				7BAF35EF224EEE57001FB592 /* ViewController.swift */,
				7BAF35F1224EEE57001FB592 /* Main.storyboard */,
				7BAF35F4224EEE59001FB592 /* Assets.xcassets */,
				7BAF35F6224EEE59001FB592 /* LaunchScreen.storyboard */,
				7BAF35F9224EEE59001FB592 /* Info.plist */,
			);
			path = GymKhana;
			sourceTree = "<group>";
		};
/* End PBXGroup section */

/* Begin PBXNativeTarget section */
		7BAF35E9224EEE57001FB592 /* GymKhana */ = {
			isa = PBXNativeTarget;
			buildConfigurationList = 7BAF35FC224EEE59001FB592 /* Build configuration list for PBXNativeTarget "GymKhana" */;
			buildPhases = (
				D3F0F0D30382CA5066EFE764 /* [CP] Check Pods Manifest.lock */,
				7BAF35E6224EEE57001FB592 /* Sources */,
				7BAF35E7224EEE57001FB592 /* Frameworks */,
				7BAF35E8224EEE57001FB592 /* Resources */,
			);
			buildRules = (
			);
			dependencies = (
			);
			name = GymKhana;
			productName = GymKhana;
			productReference = 7BAF35EA224EEE57001FB592 /* GymKhana.app */;
			productType = "com.apple.product-type.application";
		};
/* End PBXNativeTarget section */

/* Begin PBXProject section */
		7BAF35E2224EEE57001FB592 /* Project object */ = {
			isa = PBXProject;
			attributes = {
				LastSwiftUpdateCheck = 1020;
				LastUpgradeCheck = 1020;
				ORGANIZATIONNAME = "bargemayur05@gmail.com";
				TargetAttributes = {
					7BAF35E9224EEE57001FB592 = {
						CreatedOnToolsVersion = 10.2;
					};
				};
			};
			buildConfigurationList = 7BAF35E5224EEE57001FB592 /* Build configuration list for PBXProject "GymKhana" */;
			compatibilityVersion = "Xcode 9.3";
			developmentRegion = en;
			hasScannedForEncodings = 0;
			knownRegions = (
				en,
				Base,
			);
			mainGroup = 7BAF35E1224EEE57001FB592;
			productRefGroup = 7BAF35EB224EEE57001FB592 /* Products */;
			projectDirPath = "";
			projectRoot = "";
			targets = (
				7BAF35E9224EEE57001FB592 /* GymKhana */,
			);
		};
/* End PBXProject section */

/* Begin PBXResourcesBuildPhase section */
		7BAF35E8224EEE57001FB592 /* Resources */ = {
			isa = PBXResourcesBuildPhase;
			buildActionMask = 2147483647;
			files = (
				7BAF35F8224EEE59001FB592 /* LaunchScreen.storyboard in Resources */,
				7BAF35F5224EEE59001FB592 /* Assets.xcassets in Resources */,
				7BAF35F3224EEE57001FB592 /* Main.storyboard in Resources */,
			);
			runOnlyForDeploymentPostprocessing = 0;
		};
/* End PBXResourcesBuildPhase section */

/* Begin PBXShellScriptBuildPhase section */
		D3F0F0D30382CA5066EFE764 /* [CP] Check Pods Manifest.lock */ = {
			isa = PBXShellScriptBuildPhase;
			buildActionMask = 2147483647;
			files = (
			);
			inputFileListPaths = (
			);
			inputPaths = (
				"${PODS_PODFILE_DIR_PATH}/Podfile.lock",
				"${PODS_ROOT}/Manifest.lock",
			);
			name = "[CP] Check Pods Manifest.lock";
			outputFileListPaths = (
			);
			outputPaths = (
				"$(DERIVED_FILE_DIR)/Pods-GymKhana-checkManifestLockResult.txt",
			);
			runOnlyForDeploymentPostprocessing = 0;
			shellPath = /bin/sh;
			shellScript = "diff \"${PODS_PODFILE_DIR_PATH}/Podfile.lock\" \"${PODS_ROOT}/Manifest.lock\" > /dev/null\nif [ $? != 0 ] ; then\n    # print error to STDERR\n    echo \"error: The sandbox is not in sync with the Podfile.lock. Run 'pod install' or update your CocoaPods installation.\" >&2\n    exit 1\nfi\n# This output is used by Xcode 'outputs' to avoid re-running this script phase.\necho \"SUCCESS\" > \"${SCRIPT_OUTPUT_FILE_0}\"\n";
			showEnvVarsInLog = 0;
		};
/* End PBXShellScriptBuildPhase section */

/* Begin PBXSourcesBuildPhase section */
		7BAF35E6224EEE57001FB592 /* Sources */ = {
			isa = PBXSourcesBuildPhase;
			buildActionMask = 2147483647;
			files = (
				7BAF35F0224EEE57001FB592 /* ViewController.swift in Sources */,
				7BAF35EE224EEE57001FB592 /* AppDelegate.swift in Sources */,
				4BDFA73B2267F44E008130B8 /* CustomerMarkerView.swift in Sources */,
			);
			runOnlyForDeploymentPostprocessing = 0;
		};
/* End PBXSourcesBuildPhase section */

/* Begin PBXVariantGroup section */
		7BAF35F1224EEE57001FB592 /* Main.storyboard */ = {
			isa = PBXVariantGroup;
			children = (
				7BAF35F2224EEE57001FB592 /* Base */,
			);
			name = Main.storyboard;
			sourceTree = "<group>";
		};
		7BAF35F6224EEE59001FB592 /* LaunchScreen.storyboard */ = {
			isa = PBXVariantGroup;
			children = (
				7BAF35F7224EEE59001FB592 /* Base */,
			);
			name = LaunchScreen.storyboard;
			sourceTree = "<group>";
		};
/* End PBXVariantGroup section */

/* Begin XCBuildConfiguration section */
		7BAF35FA224EEE59001FB592 /* Debug */ = {
			isa = XCBuildConfiguration;
			buildSettings = {
				ALWAYS_SEARCH_USER_PATHS = NO;
				CLANG_ANALYZER_NONNULL = YES;
				CLANG_ANALYZER_NUMBER_OBJECT_CONVERSION = YES_AGGRESSIVE;
				CLANG_CXX_LANGUAGE_STANDARD = "gnu++14";
				CLANG_CXX_LIBRARY = "libc++";
				CLANG_ENABLE_MODULES = YES;
				CLANG_ENABLE_OBJC_ARC = YES;
				CLANG_ENABLE_OBJC_WEAK = YES;
				CLANG_WARN_BLOCK_CAPTURE_AUTORELEASING = YES;
				CLANG_WARN_BOOL_CONVERSION = YES;
				CLANG_WARN_COMMA = YES;
				CLANG_WARN_CONSTANT_CONVERSION = YES;
				CLANG_WARN_DEPRECATED_OBJC_IMPLEMENTATIONS = YES;
				CLANG_WARN_DIRECT_OBJC_ISA_USAGE = YES_ERROR;
				CLANG_WARN_DOCUMENTATION_COMMENTS = YES;
				CLANG_WARN_EMPTY_BODY = YES;
				CLANG_WARN_ENUM_CONVERSION = YES;
				CLANG_WARN_INFINITE_RECURSION = YES;
				CLANG_WARN_INT_CONVERSION = YES;
				CLANG_WARN_NON_LITERAL_NULL_CONVERSION = YES;
				CLANG_WARN_OBJC_IMPLICIT_RETAIN_SELF = YES;
				CLANG_WARN_OBJC_LITERAL_CONVERSION = YES;
				CLANG_WARN_OBJC_ROOT_CLASS = YES_ERROR;
				CLANG_WARN_RANGE_LOOP_ANALYSIS = YES;
				CLANG_WARN_STRICT_PROTOTYPES = YES;
				CLANG_WARN_SUSPICIOUS_MOVE = YES;
				CLANG_WARN_UNGUARDED_AVAILABILITY = YES_AGGRESSIVE;
				CLANG_WARN_UNREACHABLE_CODE = YES;
				CLANG_WARN__DUPLICATE_METHOD_MATCH = YES;
				CODE_SIGN_IDENTITY = "iPhone Developer";
				COPY_PHASE_STRIP = NO;
				DEBUG_INFORMATION_FORMAT = dwarf;
				ENABLE_STRICT_OBJC_MSGSEND = YES;
				ENABLE_TESTABILITY = YES;
				GCC_C_LANGUAGE_STANDARD = gnu11;
				GCC_DYNAMIC_NO_PIC = NO;
				GCC_NO_COMMON_BLOCKS = YES;
				GCC_OPTIMIZATION_LEVEL = 0;
				GCC_PREPROCESSOR_DEFINITIONS = (
					"DEBUG=1",
					"$(inherited)",
				);
				GCC_WARN_64_TO_32_BIT_CONVERSION = YES;
				GCC_WARN_ABOUT_RETURN_TYPE = YES_ERROR;
				GCC_WARN_UNDECLARED_SELECTOR = YES;
				GCC_WARN_UNINITIALIZED_AUTOS = YES_AGGRESSIVE;
				GCC_WARN_UNUSED_FUNCTION = YES;
				GCC_WARN_UNUSED_VARIABLE = YES;
				IPHONEOS_DEPLOYMENT_TARGET = 12.2;
				MTL_ENABLE_DEBUG_INFO = INCLUDE_SOURCE;
				MTL_FAST_MATH = YES;
				ONLY_ACTIVE_ARCH = YES;
				SDKROOT = iphoneos;
				SWIFT_ACTIVE_COMPILATION_CONDITIONS = DEBUG;
				SWIFT_OPTIMIZATION_LEVEL = "-Onone";
			};
			name = Debug;
		};
		7BAF35FB224EEE59001FB592 /* Release */ = {
			isa = XCBuildConfiguration;
			buildSettings = {
				ALWAYS_SEARCH_USER_PATHS = NO;
				CLANG_ANALYZER_NONNULL = YES;
				CLANG_ANALYZER_NUMBER_OBJECT_CONVERSION = YES_AGGRESSIVE;
				CLANG_CXX_LANGUAGE_STANDARD = "gnu++14";
				CLANG_CXX_LIBRARY = "libc++";
				CLANG_ENABLE_MODULES = YES;
				CLANG_ENABLE_OBJC_ARC = YES;
				CLANG_ENABLE_OBJC_WEAK = YES;
				CLANG_WARN_BLOCK_CAPTURE_AUTORELEASING = YES;
				CLANG_WARN_BOOL_CONVERSION = YES;
				CLANG_WARN_COMMA = YES;
				CLANG_WARN_CONSTANT_CONVERSION = YES;
				CLANG_WARN_DEPRECATED_OBJC_IMPLEMENTATIONS = YES;
				CLANG_WARN_DIRECT_OBJC_ISA_USAGE = YES_ERROR;
				CLANG_WARN_DOCUMENTATION_COMMENTS = YES;
				CLANG_WARN_EMPTY_BODY = YES;
				CLANG_WARN_ENUM_CONVERSION = YES;
				CLANG_WARN_INFINITE_RECURSION = YES;
				CLANG_WARN_INT_CONVERSION = YES;
				CLANG_WARN_NON_LITERAL_NULL_CONVERSION = YES;
				CLANG_WARN_OBJC_IMPLICIT_RETAIN_SELF = YES;
				CLANG_WARN_OBJC_LITERAL_CONVERSION = YES;
				CLANG_WARN_OBJC_ROOT_CLASS = YES_ERROR;
				CLANG_WARN_RANGE_LOOP_ANALYSIS = YES;
				CLANG_WARN_STRICT_PROTOTYPES = YES;
				CLANG_WARN_SUSPICIOUS_MOVE = YES;
				CLANG_WARN_UNGUARDED_AVAILABILITY = YES_AGGRESSIVE;
				CLANG_WARN_UNREACHABLE_CODE = YES;
				CLANG_WARN__DUPLICATE_METHOD_MATCH = YES;
				CODE_SIGN_IDENTITY = "iPhone Developer";
				COPY_PHASE_STRIP = NO;
				DEBUG_INFORMATION_FORMAT = "dwarf-with-dsym";
				ENABLE_NS_ASSERTIONS = NO;
				ENABLE_STRICT_OBJC_MSGSEND = YES;
				GCC_C_LANGUAGE_STANDARD = gnu11;
				GCC_NO_COMMON_BLOCKS = YES;
				GCC_WARN_64_TO_32_BIT_CONVERSION = YES;
				GCC_WARN_ABOUT_RETURN_TYPE = YES_ERROR;
				GCC_WARN_UNDECLARED_SELECTOR = YES;
				GCC_WARN_UNINITIALIZED_AUTOS = YES_AGGRESSIVE;
				GCC_WARN_UNUSED_FUNCTION = YES;
				GCC_WARN_UNUSED_VARIABLE = YES;
				IPHONEOS_DEPLOYMENT_TARGET = 12.2;
				MTL_ENABLE_DEBUG_INFO = NO;
				MTL_FAST_MATH = YES;
				SDKROOT = iphoneos;
				SWIFT_COMPILATION_MODE = wholemodule;
				SWIFT_OPTIMIZATION_LEVEL = "-O";
				VALIDATE_PRODUCT = YES;
			};
			name = Release;
		};
		7BAF35FD224EEE59001FB592 /* Debug */ = {
			isa = XCBuildConfiguration;
			baseConfigurationReference = 669F9A77BA58EE9F35372FF9 /* Pods-GymKhana.debug.xcconfig */;
			buildSettings = {
				ASSETCATALOG_COMPILER_APPICON_NAME = AppIcon;
				CODE_SIGN_STYLE = Automatic;
				INFOPLIST_FILE = GymKhana/Info.plist;
				LD_RUNPATH_SEARCH_PATHS = (
					"$(inherited)",
					"@executable_path/Frameworks",
				);
				PRODUCT_BUNDLE_IDENTIFIER = com.codepath.GymKhana;
				PRODUCT_NAME = "$(TARGET_NAME)";
				SWIFT_VERSION = 5.0;
				TARGETED_DEVICE_FAMILY = "1,2";
			};
			name = Debug;
		};
		7BAF35FE224EEE59001FB592 /* Release */ = {
			isa = XCBuildConfiguration;
			baseConfigurationReference = 409B503349645EEA5460F786 /* Pods-GymKhana.release.xcconfig */;
			buildSettings = {
				ASSETCATALOG_COMPILER_APPICON_NAME = AppIcon;
				CODE_SIGN_STYLE = Automatic;
				INFOPLIST_FILE = GymKhana/Info.plist;
				LD_RUNPATH_SEARCH_PATHS = (
					"$(inherited)",
					"@executable_path/Frameworks",
				);
				PRODUCT_BUNDLE_IDENTIFIER = com.codepath.GymKhana;
				PRODUCT_NAME = "$(TARGET_NAME)";
				SWIFT_VERSION = 5.0;
				TARGETED_DEVICE_FAMILY = "1,2";
			};
			name = Release;
		};
/* End XCBuildConfiguration section */

/* Begin XCConfigurationList section */
		7BAF35E5224EEE57001FB592 /* Build configuration list for PBXProject "GymKhana" */ = {
			isa = XCConfigurationList;
			buildConfigurations = (
				7BAF35FA224EEE59001FB592 /* Debug */,
				7BAF35FB224EEE59001FB592 /* Release */,
			);
			defaultConfigurationIsVisible = 0;
			defaultConfigurationName = Release;
		};
		7BAF35FC224EEE59001FB592 /* Build configuration list for PBXNativeTarget "GymKhana" */ = {
			isa = XCConfigurationList;
			buildConfigurations = (
				7BAF35FD224EEE59001FB592 /* Debug */,
				7BAF35FE224EEE59001FB592 /* Release */,
			);
			defaultConfigurationIsVisible = 0;
			defaultConfigurationName = Release;
		};
/* End XCConfigurationList section */
	};
	rootObject = 7BAF35E2224EEE57001FB592 /* Project object */;
}
